
Microsoft Visual Studio Solution File, Format Version 12.00
# Visual Studio 15
VisualStudioVersion = 15.0.27703.2047
MinimumVisualStudioVersion = 10.0.40219.1
Project("{FAE04EC0-301F-11D3-BF4B-00C04F79EFBC}") = "ExampleSPA.Server", "ExampleSPA.Server\ExampleSPA.Server.csproj", "{D66093EF-36E8-4CF1-91A4-0F412C7FDF7C}"
EndProject
Project("{FAE04EC0-301F-11D3-BF4B-00C04F79EFBC}") = "ExampleSPA.Client", "ExampleSPA.Client\ExampleSPA.Client.csproj", "{B9EF3BBB-6CC9-4E77-B3A9-ED7DF2A402DB}"
EndProject
Project("{FAE04EC0-301F-11D3-BF4B-00C04F79EFBC}") = "ExampleSPA.Shared", "ExampleSPA.Shared\ExampleSPA.Shared.csproj", "{29D0747F-2BD2-4EA1-B16B-1A32B778D529}"
EndProject
Global
	GlobalSection(SolutionConfigurationPlatforms) = preSolution
		Debug|Any CPU = Debug|Any CPU
		Release|Any CPU = Release|Any CPU
	EndGlobalSection
	GlobalSection(ProjectConfigurationPlatforms) = postSolution
		{D66093EF-36E8-4CF1-91A4-0F412C7FDF7C}.Debug|Any CPU.ActiveCfg = Debug|Any CPU
		{D66093EF-36E8-4CF1-91A4-0F412C7FDF7C}.Debug|Any CPU.Build.0 = Debug|Any CPU
		{D66093EF-36E8-4CF1-91A4-0F412C7FDF7C}.Release|Any CPU.ActiveCfg = Release|Any CPU
		{D66093EF-36E8-4CF1-91A4-0F412C7FDF7C}.Release|Any CPU.Build.0 = Release|Any CPU
		{B9EF3BBB-6CC9-4E77-B3A9-ED7DF2A402DB}.Debug|Any CPU.ActiveCfg = Debug|Any CPU
		{B9EF3BBB-6CC9-4E77-B3A9-ED7DF2A402DB}.Debug|Any CPU.Build.0 = Debug|Any CPU
		{B9EF3BBB-6CC9-4E77-B3A9-ED7DF2A402DB}.Release|Any CPU.ActiveCfg = Release|Any CPU
		{B9EF3BBB-6CC9-4E77-B3A9-ED7DF2A402DB}.Release|Any CPU.Build.0 = Release|Any CPU
		{29D0747F-2BD2-4EA1-B16B-1A32B778D529}.Debug|Any CPU.ActiveCfg = Debug|Any CPU
		{29D0747F-2BD2-4EA1-B16B-1A32B778D529}.Debug|Any CPU.Build.0 = Debug|Any CPU
		{29D0747F-2BD2-4EA1-B16B-1A32B778D529}.Release|Any CPU.ActiveCfg = Release|Any CPU
		{29D0747F-2BD2-4EA1-B16B-1A32B778D529}.Release|Any CPU.Build.0 = Release|Any CPU
	EndGlobalSection
	GlobalSection(SolutionProperties) = preSolution
		HideSolutionNode = FALSE
	EndGlobalSection
	GlobalSection(ExtensibilityGlobals) = postSolution
		SolutionGuid = {B8924006-8DC2-42C3-AEBC-7AFFE7B4C14B}
	EndGlobalSection
EndGlobal
